
Microsoft Visual Studio Solution File, Format Version 12.00
# Visual Studio Version 17
VisualStudioVersion = 17.0.32014.148
MinimumVisualStudioVersion = 10.0.40219.1
Project("{2150E333-8FDC-42A3-9474-1A3956D46DE8}") = "Library", "Library", "{0B8CF439-DE23-4E2A-94D0-85A99580A737}"
EndProject
Project("{9A19103F-16F7-4668-BE54-9A1E7A4F7556}") = "Permissions", "Library\Permissions\Permissions.csproj", "{2BEC12F0-4AB0-4773-B2A4-F3108CE82F61}"
EndProject
Project("{2150E333-8FDC-42A3-9474-1A3956D46DE8}") = "Solution Items", "Solution Items", "{359746C5-F0A9-4B54-AC69-6B214818EB8F}"
	ProjectSection(SolutionItems) = preProject
		.editorconfig = .editorconfig
	EndProjectSection
EndProject
Project("{9A19103F-16F7-4668-BE54-9A1E7A4F7556}") = "ShowDriveInfo", "ShowDriveInfo\ShowDriveInfo.csproj", "{91352924-361C-4C55-BC80-801C265877AE}"
EndProject
Project("{9A19103F-16F7-4668-BE54-9A1E7A4F7556}") = "FileServices", "Library\FileServices\FileServices.csproj", "{C26DE20D-9052-4E18-9A45-B689C88D0155}"
EndProject
Global
	GlobalSection(SolutionConfigurationPlatforms) = preSolution
		Debug|Any CPU = Debug|Any CPU
		Release|Any CPU = Release|Any CPU
	EndGlobalSection
	GlobalSection(ProjectConfigurationPlatforms) = postSolution
		{2BEC12F0-4AB0-4773-B2A4-F3108CE82F61}.Debug|Any CPU.ActiveCfg = Debug|Any CPU
		{2BEC12F0-4AB0-4773-B2A4-F3108CE82F61}.Debug|Any CPU.Build.0 = Debug|Any CPU
		{2BEC12F0-4AB0-4773-B2A4-F3108CE82F61}.Release|Any CPU.ActiveCfg = Release|Any CPU
		{2BEC12F0-4AB0-4773-B2A4-F3108CE82F61}.Release|Any CPU.Build.0 = Release|Any CPU
		{91352924-361C-4C55-BC80-801C265877AE}.Debug|Any CPU.ActiveCfg = Debug|Any CPU
		{91352924-361C-4C55-BC80-801C265877AE}.Debug|Any CPU.Build.0 = Debug|Any CPU
		{91352924-361C-4C55-BC80-801C265877AE}.Release|Any CPU.ActiveCfg = Release|Any CPU
		{91352924-361C-4C55-BC80-801C265877AE}.Release|Any CPU.Build.0 = Release|Any CPU
		{C26DE20D-9052-4E18-9A45-B689C88D0155}.Debug|Any CPU.ActiveCfg = Debug|Any CPU
		{C26DE20D-9052-4E18-9A45-B689C88D0155}.Debug|Any CPU.Build.0 = Debug|Any CPU
		{C26DE20D-9052-4E18-9A45-B689C88D0155}.Release|Any CPU.ActiveCfg = Release|Any CPU
		{C26DE20D-9052-4E18-9A45-B689C88D0155}.Release|Any CPU.Build.0 = Release|Any CPU
	EndGlobalSection
	GlobalSection(SolutionProperties) = preSolution
		HideSolutionNode = FALSE
	EndGlobalSection
	GlobalSection(NestedProjects) = preSolution
		{2BEC12F0-4AB0-4773-B2A4-F3108CE82F61} = {0B8CF439-DE23-4E2A-94D0-85A99580A737}
		{C26DE20D-9052-4E18-9A45-B689C88D0155} = {0B8CF439-DE23-4E2A-94D0-85A99580A737}
	EndGlobalSection
	GlobalSection(ExtensibilityGlobals) = postSolution
		SolutionGuid = {7AE4561E-535D-4F57-8A06-8FD1345F8CF4}
	EndGlobalSection
EndGlobal
